
Microsoft Visual Studio Solution File, Format Version 12.00
Project("{FAE04EC0-301F-11D3-BF4B-00C04F79EFBC}") = "CircularCollection", "CircularCollection\CircularCollection.csproj", "{A94F5D73-F1EC-4BA1-BCE6-2F7BE9E342D9}"
EndProject
Global
	GlobalSection(SolutionConfigurationPlatforms) = preSolution
		Debug|Any CPU = Debug|Any CPU
		Release|Any CPU = Release|Any CPU
	EndGlobalSection
	GlobalSection(ProjectConfigurationPlatforms) = postSolution
		{A94F5D73-F1EC-4BA1-BCE6-2F7BE9E342D9}.Debug|Any CPU.ActiveCfg = Debug|Any CPU
		{A94F5D73-F1EC-4BA1-BCE6-2F7BE9E342D9}.Debug|Any CPU.Build.0 = Debug|Any CPU
		{A94F5D73-F1EC-4BA1-BCE6-2F7BE9E342D9}.Release|Any CPU.ActiveCfg = Release|Any CPU
		{A94F5D73-F1EC-4BA1-BCE6-2F7BE9E342D9}.Release|Any CPU.Build.0 = Release|Any CPU
	EndGlobalSection
EndGlobal
